github.com/boljen/go-bitmap v0.0.0-20151001105940-23cd2fb0ce7d h1:zsO4lp+bjv5XvPTF58Vq+qgmZEYZttJK+CWtSZhKenI=
github.com/boljen/go-bitmap v0.0.0-20151001105940-23cd2fb0ce7d/go.mod h1:f1iKL6ZhUWvbk7PdWVmOaak10o86cqMUYEmn1CZNGEI=
github.com/davecgh/go-spew v1.1.1/go.mod h1:J7Y8YcW2NihsgmVo/mv3lAwl/skON4iLHjSsI+c5H38=
github.com/huin/goupnp v0.0.0-20180415215157-1395d1447324 h1:PV190X5/DzQ/tbFFG5YpT5mH6q+cHlfgqI5JuRnH9oE=
github.com/huin/goupnp v0.0.0-20180415215157-1395d1447324/go.mod h1:MZ2ZmwcBpvOoJ22IJsc7va19ZwoheaBk43rKg12SKag=
github.com/jackpal/gateway v1.0.5 h1:qzXWUJfuMdlLMtt0a3Dgt+xkWQiA5itDEITVJtuSwMc=
github.com/jackpal/gateway v1.0.5/go.mod h1:lTpwd4ACLXmpyiCTRtfiNyVnUmqT9RivzCDQetPfnjA=
github.com/jackpal/go-nat-pmp v1.0.1 h1:i0LektDkO1QlrTm/cSuP+PyBCDnYvjPLGl4LdWEMiaA=
github.com/jackpal/go-nat-pmp v1.0.1/go.mod h1:QPH045xvCAeXUZOxsnwmrtiCoxIr9eob+4orBN1SBKc=
github.com/konsorten/go-windows-terminal-sequences v1.0.1/go.mod h1:T0+1ngSBFLxvqU3pZ+m/2kptfBszLMUkC4ZK/EgS/cQ=
github.com/koron/go-ssdp v0.0.0-20191105050749-2e1c40ed0b5d h1:68u9r4wEvL3gYg2jvAOgROwZ3H+Y3hIDk4tbbmIjcYQ=
github.com/koron/go-ssdp v0.0.0-20191105050749-2e1c40ed0b5d/go.mod h1:5Ky9EC2xfoUKUor0Hjgi2BJhCSXJfMOFlmyYrVKGQMk=
github.com/pmezard/go-difflib v1.0.0/go.mod h1:iKH77koFhYxTK1pcRnkKkqfTogsbg7gZNVY4sRDYZ/4=
github.com/sashahilton00/go-pcp v0.0.0-20200213123604-3235ca47ebbb h1:32gmQvpgZb84hgcpk0RGZ5dUBgcouaAIvFlAaS8ghx0=
github.com/sashahilton00/go-pcp v0.0.0-20200213123604-3235ca47ebbb/go.mod h1:jOXPqBJYObze/XYy6JOXTUx/kRmEPqFD+KYS/7E80IU=
github.com/sirupsen/logrus v1.4.2 h1:SPIRibHv4MatM3XXNO2BJeFLZwZ2LvZgfQ5+UNI2im4=
github.com/sirupsen/logrus v1.4.2/go.mod h1:tLMulIdttU9McNUspp0xgXVQah82FyeX6MwdIuYE2rE=
github.com/stretchr/objx v0.1.1/go.mod h1:HFkY916IF+rwdDfMAkV7OtwuqBVzrE8GR6GFx+wExME=
github.com/stretchr/testify v1.2.2/go.mod h1:a8OnRcib4nhh0OaRAV+Yts87kKdq0PP7pXfy6kDkUVs=
golang.org/x/net v0.0.0-20180524181706-dfa909b99c79 h1:1FDlG4HI84rVePw1/0E/crL5tt2N+1blLJpY6UZ6krs=
golang.org/x/net v0.0.0-20180524181706-dfa909b99c79/go.mod h1:mL1N/T3taQHkDXs73rZJwtUhF3w3ftmwwsq0BUmARs4=
golang.org/x/sys v0.0.0-20190422165155-953cdadca894 h1:Cz4ceDQGXuKRnVBDTS23GTn/pU5OE2C0WrNTOYK1Uuc=
golang.org/x/sys v0.0.0-20190422165155-953cdadca894/go.mod h1:h1NjWce9XRLGQEsW7wpKNCjG9DtNlClVuFLEZdDNbEs=
golang.org/x/text v0.3.2 h1:tW2bmiBqwgJj/UpqtC8EpXEZVYOwU0yG4iWbprSVAcs=
golang.org/x/text v0.3.2/go.mod h1:bEr9sfX3Q8Zfm5fL9x+3itogRgK3+ptLWKqgva+5dAk=
golang.org/x/tools v0.0.0-20180917221912-90fa682c2a6e/go.mod h1:n7NCudcB/nEzxVGmLbDWY5pfWTLqBcC2KZ6jyYvM4mQ=
