github.com/huin/goupnp v0.0.0-20180415215157-1395d1447324 h1:PV190X5/DzQ/tbFFG5YpT5mH6q+cHlfgqI5JuRnH9oE=
github.com/huin/goupnp v0.0.0-20180415215157-1395d1447324/go.mod h1:MZ2ZmwcBpvOoJ22IJsc7va19ZwoheaBk43rKg12SKag=
github.com/jackpal/gateway v1.0.5 h1:qzXWUJfuMdlLMtt0a3Dgt+xkWQiA5itDEITVJtuSwMc=
github.com/jackpal/gateway v1.0.5/go.mod h1:lTpwd4ACLXmpyiCTRtfiNyVnUmqT9RivzCDQetPfnjA=
github.com/jackpal/go-nat-pmp v1.0.1 h1:i0LektDkO1QlrTm/cSuP+PyBCDnYvjPLGl4LdWEMiaA=
github.com/jackpal/go-nat-pmp v1.0.1/go.mod h1:QPH045xvCAeXUZOxsnwmrtiCoxIr9eob+4orBN1SBKc=
github.com/koron/go-ssdp v0.0.0-20180514024734-4a0ed625a78b h1:wxtKgYHEncAU00muMD06dzLiahtGM1eouRNOzVV7tdQ=
github.com/koron/go-ssdp v0.0.0-20180514024734-4a0ed625a78b/go.mod h1:5Ky9EC2xfoUKUor0Hjgi2BJhCSXJfMOFlmyYrVKGQMk=
golang.org/x/net v0.0.0-20180524181706-dfa909b99c79 h1:1FDlG4HI84rVePw1/0E/crL5tt2N+1blLJpY6UZ6krs=
golang.org/x/net v0.0.0-20180524181706-dfa909b99c79/go.mod h1:mL1N/T3taQHkDXs73rZJwtUhF3w3ftmwwsq0BUmARs4=
golang.org/x/text v0.3.0 h1:g61tztE5qeGQ89tm6NTjjM9VPIm088od1l6aSorWRWg=
golang.org/x/text v0.3.0/go.mod h1:NqM8EUOU14njkJ3fqMW+pc6Ldnwhi/IjpwHt7yyuwOQ=
